
Microsoft Visual Studio Solution File, Format Version 12.00
# Visual Studio 2012
Project("{FAE04EC0-301F-11D3-BF4B-00C04F79EFBC}") = "Scientific Calculator", "Scientific Calculator\Scientific Calculator.csproj", "{6C75ECA2-0DAE-4CCB-8081-C6A8996BAD6F}"
EndProject
Global
	GlobalSection(SolutionConfigurationPlatforms) = preSolution
		Debug|Any CPU = Debug|Any CPU
		Release|Any CPU = Release|Any CPU
	EndGlobalSection
	GlobalSection(ProjectConfigurationPlatforms) = postSolution
		{6C75ECA2-0DAE-4CCB-8081-C6A8996BAD6F}.Debug|Any CPU.ActiveCfg = Debug|Any CPU
		{6C75ECA2-0DAE-4CCB-8081-C6A8996BAD6F}.Debug|Any CPU.Build.0 = Debug|Any CPU
		{6C75ECA2-0DAE-4CCB-8081-C6A8996BAD6F}.Release|Any CPU.ActiveCfg = Release|Any CPU
		{6C75ECA2-0DAE-4CCB-8081-C6A8996BAD6F}.Release|Any CPU.Build.0 = Release|Any CPU
	EndGlobalSection
	GlobalSection(SolutionProperties) = preSolution
		HideSolutionNode = FALSE
	EndGlobalSection
EndGlobal
